
Microsoft Visual Studio Solution File, Format Version 12.00
# Visual Studio Version 17
VisualStudioVersion = 17.8.34316.72
MinimumVisualStudioVersion = 10.0.40219.1
Project("{FAE04EC0-301F-11D3-BF4B-00C04F79EFBC}") = "DarkLink.Roslyn.CodeQuality", "DarkLink.Roslyn.CodeQuality\DarkLink.Roslyn.CodeQuality\DarkLink.Roslyn.CodeQuality.csproj", "{648237C0-D645-4C92-9D65-2DD3BF8C50AF}"
EndProject
Project("{FAE04EC0-301F-11D3-BF4B-00C04F79EFBC}") = "DarkLink.Roslyn.CodeQuality.CodeFixes", "DarkLink.Roslyn.CodeQuality\DarkLink.Roslyn.CodeQuality.CodeFixes\DarkLink.Roslyn.CodeQuality.CodeFixes.csproj", "{E9B6582D-DC4C-4024-8E69-E7AC4202AA9F}"
EndProject
Project("{FAE04EC0-301F-11D3-BF4B-00C04F79EFBC}") = "DarkLink.Roslyn.CodeQuality.Package", "DarkLink.Roslyn.CodeQuality\DarkLink.Roslyn.CodeQuality.Package\DarkLink.Roslyn.CodeQuality.Package.csproj", "{8D032A45-2523-487B-9F20-64B740DF316B}"
EndProject
Project("{FAE04EC0-301F-11D3-BF4B-00C04F79EFBC}") = "DarkLink.Roslyn.CodeQuality.Test", "DarkLink.Roslyn.CodeQuality\DarkLink.Roslyn.CodeQuality.Test\DarkLink.Roslyn.CodeQuality.Test.csproj", "{C1C9A3F7-0840-415E-9F77-410E07E3E0DD}"
EndProject
Project("{FAE04EC0-301F-11D3-BF4B-00C04F79EFBC}") = "DarkLink.Roslyn.CodeQuality.Vsix", "DarkLink.Roslyn.CodeQuality\DarkLink.Roslyn.CodeQuality.Vsix\DarkLink.Roslyn.CodeQuality.Vsix.csproj", "{E7F7065C-3BF5-4CAC-8DDB-BEEF295356F4}"
EndProject
Global
	GlobalSection(SolutionConfigurationPlatforms) = preSolution
		Debug|Any CPU = Debug|Any CPU
		Release|Any CPU = Release|Any CPU
	EndGlobalSection
	GlobalSection(ProjectConfigurationPlatforms) = postSolution
		{648237C0-D645-4C92-9D65-2DD3BF8C50AF}.Debug|Any CPU.ActiveCfg = Debug|Any CPU
		{648237C0-D645-4C92-9D65-2DD3BF8C50AF}.Debug|Any CPU.Build.0 = Debug|Any CPU
		{648237C0-D645-4C92-9D65-2DD3BF8C50AF}.Release|Any CPU.ActiveCfg = Release|Any CPU
		{648237C0-D645-4C92-9D65-2DD3BF8C50AF}.Release|Any CPU.Build.0 = Release|Any CPU
		{E9B6582D-DC4C-4024-8E69-E7AC4202AA9F}.Debug|Any CPU.ActiveCfg = Debug|Any CPU
		{E9B6582D-DC4C-4024-8E69-E7AC4202AA9F}.Debug|Any CPU.Build.0 = Debug|Any CPU
		{E9B6582D-DC4C-4024-8E69-E7AC4202AA9F}.Release|Any CPU.ActiveCfg = Release|Any CPU
		{E9B6582D-DC4C-4024-8E69-E7AC4202AA9F}.Release|Any CPU.Build.0 = Release|Any CPU
		{8D032A45-2523-487B-9F20-64B740DF316B}.Debug|Any CPU.ActiveCfg = Debug|Any CPU
		{8D032A45-2523-487B-9F20-64B740DF316B}.Debug|Any CPU.Build.0 = Debug|Any CPU
		{8D032A45-2523-487B-9F20-64B740DF316B}.Release|Any CPU.ActiveCfg = Release|Any CPU
		{8D032A45-2523-487B-9F20-64B740DF316B}.Release|Any CPU.Build.0 = Release|Any CPU
		{C1C9A3F7-0840-415E-9F77-410E07E3E0DD}.Debug|Any CPU.ActiveCfg = Debug|Any CPU
		{C1C9A3F7-0840-415E-9F77-410E07E3E0DD}.Debug|Any CPU.Build.0 = Debug|Any CPU
		{C1C9A3F7-0840-415E-9F77-410E07E3E0DD}.Release|Any CPU.ActiveCfg = Release|Any CPU
		{C1C9A3F7-0840-415E-9F77-410E07E3E0DD}.Release|Any CPU.Build.0 = Release|Any CPU
		{E7F7065C-3BF5-4CAC-8DDB-BEEF295356F4}.Debug|Any CPU.ActiveCfg = Debug|Any CPU
		{E7F7065C-3BF5-4CAC-8DDB-BEEF295356F4}.Debug|Any CPU.Build.0 = Debug|Any CPU
		{E7F7065C-3BF5-4CAC-8DDB-BEEF295356F4}.Release|Any CPU.ActiveCfg = Release|Any CPU
		{E7F7065C-3BF5-4CAC-8DDB-BEEF295356F4}.Release|Any CPU.Build.0 = Release|Any CPU
	EndGlobalSection
	GlobalSection(SolutionProperties) = preSolution
		HideSolutionNode = FALSE
	EndGlobalSection
	GlobalSection(ExtensibilityGlobals) = postSolution
		SolutionGuid = {751F1CE9-D7D0-44BC-9328-B6E9F5CD6C49}
	EndGlobalSection
EndGlobal
